
Microsoft Visual Studio Solution File, Format Version 12.00
# Visual Studio Version 16
VisualStudioVersion = 16.0.31321.278
MinimumVisualStudioVersion = 10.0.40219.1
Project("{FAE04EC0-301F-11D3-BF4B-00C04F79EFBC}") = "Constructors_Maxey_Andrew", "Constructors_Maxey_Andrew\Constructors_Maxey_Andrew.csproj", "{586A0FD5-F5A8-41CA-91D4-8D49DA28184E}"
EndProject
Global
	GlobalSection(SolutionConfigurationPlatforms) = preSolution
		Debug|Any CPU = Debug|Any CPU
		Release|Any CPU = Release|Any CPU
	EndGlobalSection
	GlobalSection(ProjectConfigurationPlatforms) = postSolution
		{586A0FD5-F5A8-41CA-91D4-8D49DA28184E}.Debug|Any CPU.ActiveCfg = Debug|Any CPU
		{586A0FD5-F5A8-41CA-91D4-8D49DA28184E}.Debug|Any CPU.Build.0 = Debug|Any CPU
		{586A0FD5-F5A8-41CA-91D4-8D49DA28184E}.Release|Any CPU.ActiveCfg = Release|Any CPU
		{586A0FD5-F5A8-41CA-91D4-8D49DA28184E}.Release|Any CPU.Build.0 = Release|Any CPU
	EndGlobalSection
	GlobalSection(SolutionProperties) = preSolution
		HideSolutionNode = FALSE
	EndGlobalSection
	GlobalSection(ExtensibilityGlobals) = postSolution
		SolutionGuid = {08E6A089-25AB-480D-85D4-73A1C60E630E}
	EndGlobalSection
EndGlobal
